
Microsoft Visual Studio Solution File, Format Version 11.00
# Visual Studio 2010
Project("{F184B08F-C81C-45F6-A57F-5ABD9991F28F}") = "INVOKE", "INVOKE.vbproj", "{16758BED-0C1B-4E8D-9B17-7DC6D501115F}"
EndProject
Global
	GlobalSection(SolutionConfigurationPlatforms) = preSolution
		Debug|x86 = Debug|x86
		Release|x86 = Release|x86
	EndGlobalSection
	GlobalSection(ProjectConfigurationPlatforms) = postSolution
		{16758BED-0C1B-4E8D-9B17-7DC6D501115F}.Debug|x86.ActiveCfg = Debug|x86
		{16758BED-0C1B-4E8D-9B17-7DC6D501115F}.Debug|x86.Build.0 = Debug|x86
		{16758BED-0C1B-4E8D-9B17-7DC6D501115F}.Release|x86.ActiveCfg = Release|x86
		{16758BED-0C1B-4E8D-9B17-7DC6D501115F}.Release|x86.Build.0 = Release|x86
	EndGlobalSection
	GlobalSection(SolutionProperties) = preSolution
		HideSolutionNode = FALSE
	EndGlobalSection
EndGlobal
